
Microsoft Visual Studio Solution File, Format Version 12.00
# Visual Studio 15
VisualStudioVersion = 15.0.26124.0
MinimumVisualStudioVersion = 15.0.26124.0
Project("{2150E333-8FDC-42A3-9474-1A3956D46DE8}") = "Products", "Products", "{BCD92CCF-C998-4E27-BD37-AC2D8622BE4B}"
EndProject
Project("{FAE04EC0-301F-11D3-BF4B-00C04F79EFBC}") = "Products.Common", "Products\Products.Common\Products.Common.csproj", "{C66498A5-7EC4-4358-94F2-6FAF9D632497}"
EndProject
Project("{2150E333-8FDC-42A3-9474-1A3956D46DE8}") = "Common", "Common", "{18F4FF41-F016-4D02-B379-F3CB24A50DAA}"
EndProject
Project("{FAE04EC0-301F-11D3-BF4B-00C04F79EFBC}") = "MicroServices.Common", "Common\MicroServices.Common\MicroServices.Common.csproj", "{2EE1FC92-96FD-4FF8-AD64-01792D9FC1D8}"
EndProject
Project("{FAE04EC0-301F-11D3-BF4B-00C04F79EFBC}") = "MicroServices.Common.General", "Common\MicroServices.Common.General\MicroServices.Common.General.csproj", "{78BC22BA-2CBC-453D-A76A-72E5E5D40346}"
EndProject
Project("{FAE04EC0-301F-11D3-BF4B-00C04F79EFBC}") = "Products.ReadModels.Client", "Products\Products.ReadModels.Client\Products.ReadModels.Client.csproj", "{76F3D7E0-077D-4158-A2C2-8C6BF3D387AD}"
EndProject
Project("{2150E333-8FDC-42A3-9474-1A3956D46DE8}") = "Sales", "Sales", "{A1B7411B-4A37-4B78-B8AF-1493B9A7B236}"
EndProject
Project("{FAE04EC0-301F-11D3-BF4B-00C04F79EFBC}") = "Sales.Service", "Sales\Sales.Service\Sales.Service.csproj", "{2FE3A948-3EFF-4446-9355-4219231507E1}"
EndProject
Project("{FAE04EC0-301F-11D3-BF4B-00C04F79EFBC}") = "Sales.ReadModels.Service", "Sales\Sales.ReadModels.Service\Sales.ReadModels.Service.csproj", "{4E10853B-0592-4791-B625-14FAAB3C0CE1}"
EndProject
Global
	GlobalSection(SolutionConfigurationPlatforms) = preSolution
		Debug|Any CPU = Debug|Any CPU
		Debug|x64 = Debug|x64
		Debug|x86 = Debug|x86
		Release|Any CPU = Release|Any CPU
		Release|x64 = Release|x64
		Release|x86 = Release|x86
	EndGlobalSection
	GlobalSection(SolutionProperties) = preSolution
		HideSolutionNode = FALSE
	EndGlobalSection
	GlobalSection(ProjectConfigurationPlatforms) = postSolution
		{C66498A5-7EC4-4358-94F2-6FAF9D632497}.Debug|Any CPU.ActiveCfg = Debug|Any CPU
		{C66498A5-7EC4-4358-94F2-6FAF9D632497}.Debug|Any CPU.Build.0 = Debug|Any CPU
		{C66498A5-7EC4-4358-94F2-6FAF9D632497}.Debug|x64.ActiveCfg = Debug|Any CPU
		{C66498A5-7EC4-4358-94F2-6FAF9D632497}.Debug|x64.Build.0 = Debug|Any CPU
		{C66498A5-7EC4-4358-94F2-6FAF9D632497}.Debug|x86.ActiveCfg = Debug|Any CPU
		{C66498A5-7EC4-4358-94F2-6FAF9D632497}.Debug|x86.Build.0 = Debug|Any CPU
		{C66498A5-7EC4-4358-94F2-6FAF9D632497}.Release|Any CPU.ActiveCfg = Release|Any CPU
		{C66498A5-7EC4-4358-94F2-6FAF9D632497}.Release|Any CPU.Build.0 = Release|Any CPU
		{C66498A5-7EC4-4358-94F2-6FAF9D632497}.Release|x64.ActiveCfg = Release|Any CPU
		{C66498A5-7EC4-4358-94F2-6FAF9D632497}.Release|x64.Build.0 = Release|Any CPU
		{C66498A5-7EC4-4358-94F2-6FAF9D632497}.Release|x86.ActiveCfg = Release|Any CPU
		{C66498A5-7EC4-4358-94F2-6FAF9D632497}.Release|x86.Build.0 = Release|Any CPU
		{2EE1FC92-96FD-4FF8-AD64-01792D9FC1D8}.Debug|Any CPU.ActiveCfg = Debug|Any CPU
		{2EE1FC92-96FD-4FF8-AD64-01792D9FC1D8}.Debug|Any CPU.Build.0 = Debug|Any CPU
		{2EE1FC92-96FD-4FF8-AD64-01792D9FC1D8}.Debug|x64.ActiveCfg = Debug|Any CPU
		{2EE1FC92-96FD-4FF8-AD64-01792D9FC1D8}.Debug|x64.Build.0 = Debug|Any CPU
		{2EE1FC92-96FD-4FF8-AD64-01792D9FC1D8}.Debug|x86.ActiveCfg = Debug|Any CPU
		{2EE1FC92-96FD-4FF8-AD64-01792D9FC1D8}.Debug|x86.Build.0 = Debug|Any CPU
		{2EE1FC92-96FD-4FF8-AD64-01792D9FC1D8}.Release|Any CPU.ActiveCfg = Release|Any CPU
		{2EE1FC92-96FD-4FF8-AD64-01792D9FC1D8}.Release|Any CPU.Build.0 = Release|Any CPU
		{2EE1FC92-96FD-4FF8-AD64-01792D9FC1D8}.Release|x64.ActiveCfg = Release|Any CPU
		{2EE1FC92-96FD-4FF8-AD64-01792D9FC1D8}.Release|x64.Build.0 = Release|Any CPU
		{2EE1FC92-96FD-4FF8-AD64-01792D9FC1D8}.Release|x86.ActiveCfg = Release|Any CPU
		{2EE1FC92-96FD-4FF8-AD64-01792D9FC1D8}.Release|x86.Build.0 = Release|Any CPU
		{78BC22BA-2CBC-453D-A76A-72E5E5D40346}.Debug|Any CPU.ActiveCfg = Debug|Any CPU
		{78BC22BA-2CBC-453D-A76A-72E5E5D40346}.Debug|Any CPU.Build.0 = Debug|Any CPU
		{78BC22BA-2CBC-453D-A76A-72E5E5D40346}.Debug|x64.ActiveCfg = Debug|Any CPU
		{78BC22BA-2CBC-453D-A76A-72E5E5D40346}.Debug|x64.Build.0 = Debug|Any CPU
		{78BC22BA-2CBC-453D-A76A-72E5E5D40346}.Debug|x86.ActiveCfg = Debug|Any CPU
		{78BC22BA-2CBC-453D-A76A-72E5E5D40346}.Debug|x86.Build.0 = Debug|Any CPU
		{78BC22BA-2CBC-453D-A76A-72E5E5D40346}.Release|Any CPU.ActiveCfg = Release|Any CPU
		{78BC22BA-2CBC-453D-A76A-72E5E5D40346}.Release|Any CPU.Build.0 = Release|Any CPU
		{78BC22BA-2CBC-453D-A76A-72E5E5D40346}.Release|x64.ActiveCfg = Release|Any CPU
		{78BC22BA-2CBC-453D-A76A-72E5E5D40346}.Release|x64.Build.0 = Release|Any CPU
		{78BC22BA-2CBC-453D-A76A-72E5E5D40346}.Release|x86.ActiveCfg = Release|Any CPU
		{78BC22BA-2CBC-453D-A76A-72E5E5D40346}.Release|x86.Build.0 = Release|Any CPU
		{76F3D7E0-077D-4158-A2C2-8C6BF3D387AD}.Debug|Any CPU.ActiveCfg = Debug|Any CPU
		{76F3D7E0-077D-4158-A2C2-8C6BF3D387AD}.Debug|Any CPU.Build.0 = Debug|Any CPU
		{76F3D7E0-077D-4158-A2C2-8C6BF3D387AD}.Debug|x64.ActiveCfg = Debug|Any CPU
		{76F3D7E0-077D-4158-A2C2-8C6BF3D387AD}.Debug|x64.Build.0 = Debug|Any CPU
		{76F3D7E0-077D-4158-A2C2-8C6BF3D387AD}.Debug|x86.ActiveCfg = Debug|Any CPU
		{76F3D7E0-077D-4158-A2C2-8C6BF3D387AD}.Debug|x86.Build.0 = Debug|Any CPU
		{76F3D7E0-077D-4158-A2C2-8C6BF3D387AD}.Release|Any CPU.ActiveCfg = Release|Any CPU
		{76F3D7E0-077D-4158-A2C2-8C6BF3D387AD}.Release|Any CPU.Build.0 = Release|Any CPU
		{76F3D7E0-077D-4158-A2C2-8C6BF3D387AD}.Release|x64.ActiveCfg = Release|Any CPU
		{76F3D7E0-077D-4158-A2C2-8C6BF3D387AD}.Release|x64.Build.0 = Release|Any CPU
		{76F3D7E0-077D-4158-A2C2-8C6BF3D387AD}.Release|x86.ActiveCfg = Release|Any CPU
		{76F3D7E0-077D-4158-A2C2-8C6BF3D387AD}.Release|x86.Build.0 = Release|Any CPU
		{2FE3A948-3EFF-4446-9355-4219231507E1}.Debug|Any CPU.ActiveCfg = Debug|Any CPU
		{2FE3A948-3EFF-4446-9355-4219231507E1}.Debug|Any CPU.Build.0 = Debug|Any CPU
		{2FE3A948-3EFF-4446-9355-4219231507E1}.Debug|x64.ActiveCfg = Debug|Any CPU
		{2FE3A948-3EFF-4446-9355-4219231507E1}.Debug|x64.Build.0 = Debug|Any CPU
		{2FE3A948-3EFF-4446-9355-4219231507E1}.Debug|x86.ActiveCfg = Debug|Any CPU
		{2FE3A948-3EFF-4446-9355-4219231507E1}.Debug|x86.Build.0 = Debug|Any CPU
		{2FE3A948-3EFF-4446-9355-4219231507E1}.Release|Any CPU.ActiveCfg = Release|Any CPU
		{2FE3A948-3EFF-4446-9355-4219231507E1}.Release|Any CPU.Build.0 = Release|Any CPU
		{2FE3A948-3EFF-4446-9355-4219231507E1}.Release|x64.ActiveCfg = Release|Any CPU
		{2FE3A948-3EFF-4446-9355-4219231507E1}.Release|x64.Build.0 = Release|Any CPU
		{2FE3A948-3EFF-4446-9355-4219231507E1}.Release|x86.ActiveCfg = Release|Any CPU
		{2FE3A948-3EFF-4446-9355-4219231507E1}.Release|x86.Build.0 = Release|Any CPU
		{4E10853B-0592-4791-B625-14FAAB3C0CE1}.Debug|Any CPU.ActiveCfg = Debug|Any CPU
		{4E10853B-0592-4791-B625-14FAAB3C0CE1}.Debug|Any CPU.Build.0 = Debug|Any CPU
		{4E10853B-0592-4791-B625-14FAAB3C0CE1}.Debug|x64.ActiveCfg = Debug|Any CPU
		{4E10853B-0592-4791-B625-14FAAB3C0CE1}.Debug|x64.Build.0 = Debug|Any CPU
		{4E10853B-0592-4791-B625-14FAAB3C0CE1}.Debug|x86.ActiveCfg = Debug|Any CPU
		{4E10853B-0592-4791-B625-14FAAB3C0CE1}.Debug|x86.Build.0 = Debug|Any CPU
		{4E10853B-0592-4791-B625-14FAAB3C0CE1}.Release|Any CPU.ActiveCfg = Release|Any CPU
		{4E10853B-0592-4791-B625-14FAAB3C0CE1}.Release|Any CPU.Build.0 = Release|Any CPU
		{4E10853B-0592-4791-B625-14FAAB3C0CE1}.Release|x64.ActiveCfg = Release|Any CPU
		{4E10853B-0592-4791-B625-14FAAB3C0CE1}.Release|x64.Build.0 = Release|Any CPU
		{4E10853B-0592-4791-B625-14FAAB3C0CE1}.Release|x86.ActiveCfg = Release|Any CPU
		{4E10853B-0592-4791-B625-14FAAB3C0CE1}.Release|x86.Build.0 = Release|Any CPU
	EndGlobalSection
	GlobalSection(NestedProjects) = preSolution
		{C66498A5-7EC4-4358-94F2-6FAF9D632497} = {BCD92CCF-C998-4E27-BD37-AC2D8622BE4B}
		{2EE1FC92-96FD-4FF8-AD64-01792D9FC1D8} = {18F4FF41-F016-4D02-B379-F3CB24A50DAA}
		{78BC22BA-2CBC-453D-A76A-72E5E5D40346} = {18F4FF41-F016-4D02-B379-F3CB24A50DAA}
		{76F3D7E0-077D-4158-A2C2-8C6BF3D387AD} = {BCD92CCF-C998-4E27-BD37-AC2D8622BE4B}
		{2FE3A948-3EFF-4446-9355-4219231507E1} = {A1B7411B-4A37-4B78-B8AF-1493B9A7B236}
		{4E10853B-0592-4791-B625-14FAAB3C0CE1} = {A1B7411B-4A37-4B78-B8AF-1493B9A7B236}
	EndGlobalSection
EndGlobal
